<?xml version="1.0" encoding="utf-8"?>
<Project ToolsVersion="4.0" xmlns="http://schemas.microsoft.com/developer/msbuild/2003">
  <ItemGroup>
    <Filter Include="inc">
      <UniqueIdentifier>{cee90e78-a9e0-4879-b581-777ff747eccf}</UniqueIdentifier>
    </Filter>
    <Filter Include="src">
      <UniqueIdentifier>{78efb974-cd68-4bd5-9203-16b6790e76df}</UniqueIdentifier>
    </Filter>
  </ItemGroup>
  <ItemGroup>
    <ClInclude Include="..\src\zlib\crc32.h">
      <Filter>inc</Filter>
    </ClInclude>
    <ClInclude Include="..\src\zlib\deflate.h">
      <Filter>inc</Filter>
    </ClInclude>
    <ClInclude Include="..\src\zlib\gzguts.h">
      <Filter>inc</Filter>
    </ClInclude>
    <ClInclude Include="..\src\zlib\inffast.h">
      <Filter>inc</Filter>
    </ClInclude>
    <ClInclude Include="..\src\zlib\inffixed.h">
      <Filter>inc</Filter>
    </ClInclude>
    <ClInclude Include="..\src\zlib\inflate.h">
      <Filter>inc</Filter>
    </ClInclude>
    <ClInclude Include="..\src\zlib\inftrees.h">
      <Filter>inc</Filter>
    </ClInclude>
    <ClInclude Include="..\src\zlib\trees.h">
      <Filter>inc</Filter>
    </ClInclude>
    <ClInclude Include="..\src\zlib\zconf.h">
      <Filter>inc</Filter>
    </ClInclude>
    <ClInclude Include="..\src\zlib\zlib.h">
      <Filter>inc</Filter>
    </ClInclude>
    <ClInclude Include="..\src\zlib\zutil.h">
      <Filter>inc</Filter>
    </ClInclude>
  </ItemGroup>
  <ItemGroup>
    <ClCompile Include="..\src\zlib\adler32.c">
      <Filter>src</Filter>
    </ClCompile>
    <ClCompile Include="..\src\zlib\compress.c">
      <Filter>src</Filter>
    </ClCompile>
    <ClCompile Include="..\src\zlib\crc32.c">
      <Filter>src</Filter>
    </ClCompile>
    <ClCompile Include="..\src\zlib\deflate.c">
      <Filter>src</Filter>
    </ClCompile>
    <ClCompile Include="..\src\zlib\gzclose.c">
      <Filter>src</Filter>
    </ClCompile>
    <ClCompile Include="..\src\zlib\gzlib.c">
      <Filter>src</Filter>
    </ClCompile>
    <ClCompile Include="..\src\zlib\gzread.c">
      <Filter>src</Filter>
    </ClCompile>
    <ClCompile Include="..\src\zlib\gzwrite.c">
      <Filter>src</Filter>
    </ClCompile>
    <ClCompile Include="..\src\zlib\infback.c">
      <Filter>src</Filter>
    </ClCompile>
    <ClCompile Include="..\src\zlib\inffast.c">
      <Filter>src</Filter>
    </ClCompile>
    <ClCompile Include="..\src\zlib\inflate.c">
      <Filter>src</Filter>
    </ClCompile>
    <ClCompile Include="..\src\zlib\inftrees.c">
      <Filter>src</Filter>
    </ClCompile>
    <ClCompile Include="..\src\zlib\trees.c">
      <Filter>src</Filter>
    </ClCompile>
    <ClCompile Include="..\src\zlib\uncompr.c">
      <Filter>src</Filter>
    </ClCompile>
    <ClCompile Include="..\src\zlib\zutil.c">
      <Filter>src</Filter>
    </ClCompile>
  </ItemGroup>
</Project>